
Microsoft Visual Studio Solution File, Format Version 12.00
# Visual Studio Version 17
VisualStudioVersion = 17.8.34525.116
MinimumVisualStudioVersion = 10.0.40219.1
Project("{FAE04EC0-301F-11D3-BF4B-00C04F79EFBC}") = "ConsoleArray2", "ConsoleArray2\ConsoleArray2.csproj", "{8943BAF4-35DF-4E99-8B47-063466BDE62E}"
EndProject
Global
	GlobalSection(SolutionConfigurationPlatforms) = preSolution
		Debug|Any CPU = Debug|Any CPU
		Release|Any CPU = Release|Any CPU
	EndGlobalSection
	GlobalSection(ProjectConfigurationPlatforms) = postSolution
		{8943BAF4-35DF-4E99-8B47-063466BDE62E}.Debug|Any CPU.ActiveCfg = Debug|Any CPU
		{8943BAF4-35DF-4E99-8B47-063466BDE62E}.Debug|Any CPU.Build.0 = Debug|Any CPU
		{8943BAF4-35DF-4E99-8B47-063466BDE62E}.Release|Any CPU.ActiveCfg = Release|Any CPU
		{8943BAF4-35DF-4E99-8B47-063466BDE62E}.Release|Any CPU.Build.0 = Release|Any CPU
	EndGlobalSection
	GlobalSection(SolutionProperties) = preSolution
		HideSolutionNode = FALSE
	EndGlobalSection
	GlobalSection(ExtensibilityGlobals) = postSolution
		SolutionGuid = {C20CF0B4-6C72-4296-9035-586B4328651E}
	EndGlobalSection
EndGlobal
